
Microsoft Visual Studio Solution File, Format Version 12.00
# Visual Studio Version 16
VisualStudioVersion = 16.0.35229.62
MinimumVisualStudioVersion = 10.0.40219.1
Project("{9A19103F-16F7-4668-BE54-9A1E7A4F7556}") = "Abbyy-task", "abbyy-task\Abbyy-task.csproj", "{FAA3BB43-AFD3-423A-B43C-ABCAFC5133CD}"
EndProject
Project("{9A19103F-16F7-4668-BE54-9A1E7A4F7556}") = "Abbyy-task.Tests", "Abbyy-task.Tests\Abbyy-task.Tests.csproj", "{F12550A3-DA64-4361-A10C-E9FB51329017}"
EndProject
Global
	GlobalSection(SolutionConfigurationPlatforms) = preSolution
		Debug|Any CPU = Debug|Any CPU
		Release|Any CPU = Release|Any CPU
	EndGlobalSection
	GlobalSection(ProjectConfigurationPlatforms) = postSolution
		{FAA3BB43-AFD3-423A-B43C-ABCAFC5133CD}.Debug|Any CPU.ActiveCfg = Debug|Any CPU
		{FAA3BB43-AFD3-423A-B43C-ABCAFC5133CD}.Debug|Any CPU.Build.0 = Debug|Any CPU
		{FAA3BB43-AFD3-423A-B43C-ABCAFC5133CD}.Release|Any CPU.ActiveCfg = Release|Any CPU
		{FAA3BB43-AFD3-423A-B43C-ABCAFC5133CD}.Release|Any CPU.Build.0 = Release|Any CPU
		{F12550A3-DA64-4361-A10C-E9FB51329017}.Debug|Any CPU.ActiveCfg = Debug|Any CPU
		{F12550A3-DA64-4361-A10C-E9FB51329017}.Debug|Any CPU.Build.0 = Debug|Any CPU
		{F12550A3-DA64-4361-A10C-E9FB51329017}.Release|Any CPU.ActiveCfg = Release|Any CPU
		{F12550A3-DA64-4361-A10C-E9FB51329017}.Release|Any CPU.Build.0 = Release|Any CPU
	EndGlobalSection
	GlobalSection(SolutionProperties) = preSolution
		HideSolutionNode = FALSE
	EndGlobalSection
	GlobalSection(ExtensibilityGlobals) = postSolution
		SolutionGuid = {79086F18-3C4E-4B16-A45D-AD24BCFC8823}
	EndGlobalSection
EndGlobal
